
Microsoft Visual Studio Solution File, Format Version 12.00
# Visual Studio Version 17
VisualStudioVersion = 17.2.32630.192
MinimumVisualStudioVersion = 10.0.40219.1
Project("{8BC9CEB8-8B4A-11D0-8D11-00A0C91BC942}") = "vtables-test", "vtables-test.vcxproj", "{C39E8C81-C0EC-4613-B2A3-18E230D14662}"
EndProject
Global
	GlobalSection(SolutionConfigurationPlatforms) = preSolution
		Debug|Win32 = Debug|Win32
		Debug|x64 = Debug|x64
		Debug|x86 = Debug|x86
		MinSizeRel|Win32 = MinSizeRel|Win32
		MinSizeRel|x64 = MinSizeRel|x64
		MinSizeRel|x86 = MinSizeRel|x86
		Release|Win32 = Release|Win32
		Release|x64 = Release|x64
		Release|x86 = Release|x86
		RelWithDebInfo|Win32 = RelWithDebInfo|Win32
		RelWithDebInfo|x64 = RelWithDebInfo|x64
		RelWithDebInfo|x86 = RelWithDebInfo|x86
	EndGlobalSection
	GlobalSection(ProjectConfigurationPlatforms) = postSolution
		{C39E8C81-C0EC-4613-B2A3-18E230D14662}.Debug|Win32.ActiveCfg = Debug|Win32
		{C39E8C81-C0EC-4613-B2A3-18E230D14662}.Debug|Win32.Build.0 = Debug|Win32
		{C39E8C81-C0EC-4613-B2A3-18E230D14662}.Debug|x64.ActiveCfg = Debug|x64
		{C39E8C81-C0EC-4613-B2A3-18E230D14662}.Debug|x64.Build.0 = Debug|x64
		{C39E8C81-C0EC-4613-B2A3-18E230D14662}.Debug|x86.ActiveCfg = Debug|Win32
		{C39E8C81-C0EC-4613-B2A3-18E230D14662}.Debug|x86.Build.0 = Debug|Win32
		{C39E8C81-C0EC-4613-B2A3-18E230D14662}.MinSizeRel|Win32.ActiveCfg = Release|Win32
		{C39E8C81-C0EC-4613-B2A3-18E230D14662}.MinSizeRel|Win32.Build.0 = Release|Win32
		{C39E8C81-C0EC-4613-B2A3-18E230D14662}.MinSizeRel|x64.ActiveCfg = Release|x64
		{C39E8C81-C0EC-4613-B2A3-18E230D14662}.MinSizeRel|x64.Build.0 = Release|x64
		{C39E8C81-C0EC-4613-B2A3-18E230D14662}.MinSizeRel|x86.ActiveCfg = Release|Win32
		{C39E8C81-C0EC-4613-B2A3-18E230D14662}.MinSizeRel|x86.Build.0 = Release|Win32
		{C39E8C81-C0EC-4613-B2A3-18E230D14662}.Release|Win32.ActiveCfg = Release|Win32
		{C39E8C81-C0EC-4613-B2A3-18E230D14662}.Release|Win32.Build.0 = Release|Win32
		{C39E8C81-C0EC-4613-B2A3-18E230D14662}.Release|x64.ActiveCfg = Release|x64
		{C39E8C81-C0EC-4613-B2A3-18E230D14662}.Release|x64.Build.0 = Release|x64
		{C39E8C81-C0EC-4613-B2A3-18E230D14662}.Release|x86.ActiveCfg = Release|Win32
		{C39E8C81-C0EC-4613-B2A3-18E230D14662}.Release|x86.Build.0 = Release|Win32
		{C39E8C81-C0EC-4613-B2A3-18E230D14662}.RelWithDebInfo|Win32.ActiveCfg = Release|Win32
		{C39E8C81-C0EC-4613-B2A3-18E230D14662}.RelWithDebInfo|Win32.Build.0 = Release|Win32
		{C39E8C81-C0EC-4613-B2A3-18E230D14662}.RelWithDebInfo|x64.ActiveCfg = Release|x64
		{C39E8C81-C0EC-4613-B2A3-18E230D14662}.RelWithDebInfo|x64.Build.0 = Release|x64
		{C39E8C81-C0EC-4613-B2A3-18E230D14662}.RelWithDebInfo|x86.ActiveCfg = Release|Win32
		{C39E8C81-C0EC-4613-B2A3-18E230D14662}.RelWithDebInfo|x86.Build.0 = Release|Win32
	EndGlobalSection
	GlobalSection(SolutionProperties) = preSolution
		HideSolutionNode = FALSE
	EndGlobalSection
	GlobalSection(ExtensibilityGlobals) = postSolution
		SolutionGuid = {ACAE2185-5E4C-456B-859C-ED916284D372}
	EndGlobalSection
EndGlobal
